
Microsoft Visual Studio Solution File, Format Version 12.00
# Visual Studio Version 16
VisualStudioVersion = 16.0.29519.181
MinimumVisualStudioVersion = 10.0.40219.1
Project("{FAE04EC0-301F-11D3-BF4B-00C04F79EFBC}") = "FirstAppP117", "FirstAppP117\FirstAppP117.csproj", "{DC08CF1E-1B4F-4854-BA14-42655737052A}"
EndProject
Global
	GlobalSection(SolutionConfigurationPlatforms) = preSolution
		Debug|Any CPU = Debug|Any CPU
		Release|Any CPU = Release|Any CPU
	EndGlobalSection
	GlobalSection(ProjectConfigurationPlatforms) = postSolution
		{DC08CF1E-1B4F-4854-BA14-42655737052A}.Debug|Any CPU.ActiveCfg = Debug|Any CPU
		{DC08CF1E-1B4F-4854-BA14-42655737052A}.Debug|Any CPU.Build.0 = Debug|Any CPU
		{DC08CF1E-1B4F-4854-BA14-42655737052A}.Release|Any CPU.ActiveCfg = Release|Any CPU
		{DC08CF1E-1B4F-4854-BA14-42655737052A}.Release|Any CPU.Build.0 = Release|Any CPU
	EndGlobalSection
	GlobalSection(SolutionProperties) = preSolution
		HideSolutionNode = FALSE
	EndGlobalSection
	GlobalSection(ExtensibilityGlobals) = postSolution
		SolutionGuid = {CFA94566-7B3F-4E80-A4C6-4D4CE6AEBF49}
	EndGlobalSection
EndGlobal
